
Microsoft Visual Studio Solution File, Format Version 12.00
# Visual Studio Version 16
VisualStudioVersion = 16.0.30517.126
MinimumVisualStudioVersion = 10.0.40219.1
Project("{FAE04EC0-301F-11D3-BF4B-00C04F79EFBC}") = "Chess", "Chess\Chess.csproj", "{4BC3926A-0927-4013-80D2-DB29F0CC805D}"
EndProject
Global
	GlobalSection(SolutionConfigurationPlatforms) = preSolution
		Debug|Any CPU = Debug|Any CPU
		Release|Any CPU = Release|Any CPU
	EndGlobalSection
	GlobalSection(ProjectConfigurationPlatforms) = postSolution
		{4BC3926A-0927-4013-80D2-DB29F0CC805D}.Debug|Any CPU.ActiveCfg = Debug|Any CPU
		{4BC3926A-0927-4013-80D2-DB29F0CC805D}.Debug|Any CPU.Build.0 = Debug|Any CPU
		{4BC3926A-0927-4013-80D2-DB29F0CC805D}.Release|Any CPU.ActiveCfg = Release|Any CPU
		{4BC3926A-0927-4013-80D2-DB29F0CC805D}.Release|Any CPU.Build.0 = Release|Any CPU
	EndGlobalSection
	GlobalSection(SolutionProperties) = preSolution
		HideSolutionNode = FALSE
	EndGlobalSection
	GlobalSection(ExtensibilityGlobals) = postSolution
		SolutionGuid = {FEFC3857-1E5C-4111-A55A-667CE6DA6E28}
	EndGlobalSection
EndGlobal
